
Microsoft Visual Studio Solution File, Format Version 12.00
# Visual Studio Version 17
VisualStudioVersion = 17.1.32319.34
MinimumVisualStudioVersion = 10.0.40219.1
Project("{FAE04EC0-301F-11D3-BF4B-00C04F79EFBC}") = "Deliverable 2 Grand Circus", "Deliverable 2 Grand Circus\Deliverable 2 Grand Circus.csproj", "{552E8EDA-A8AA-4A05-BC2C-DA5D2439DE9B}"
EndProject
Global
	GlobalSection(SolutionConfigurationPlatforms) = preSolution
		Debug|Any CPU = Debug|Any CPU
		Release|Any CPU = Release|Any CPU
	EndGlobalSection
	GlobalSection(ProjectConfigurationPlatforms) = postSolution
		{552E8EDA-A8AA-4A05-BC2C-DA5D2439DE9B}.Debug|Any CPU.ActiveCfg = Debug|Any CPU
		{552E8EDA-A8AA-4A05-BC2C-DA5D2439DE9B}.Debug|Any CPU.Build.0 = Debug|Any CPU
		{552E8EDA-A8AA-4A05-BC2C-DA5D2439DE9B}.Release|Any CPU.ActiveCfg = Release|Any CPU
		{552E8EDA-A8AA-4A05-BC2C-DA5D2439DE9B}.Release|Any CPU.Build.0 = Release|Any CPU
	EndGlobalSection
	GlobalSection(SolutionProperties) = preSolution
		HideSolutionNode = FALSE
	EndGlobalSection
	GlobalSection(ExtensibilityGlobals) = postSolution
		SolutionGuid = {BDA5B988-C977-4730-989D-CCDFD2FA5DB0}
	EndGlobalSection
EndGlobal
